
Microsoft Visual Studio Solution File, Format Version 12.00
# Visual Studio Version 17
VisualStudioVersion = 17.0.31903.59
MinimumVisualStudioVersion = 10.0.40219.1
Project("{2150E333-8FDC-42A3-9474-1A3956D46DE8}") = "src", "src", "{8A7E8C6D-1B2F-4E3A-9C5D-6F7E8A9B0C1D}"
EndProject
Project("{2150E333-8FDC-42A3-9474-1A3956D46DE8}") = "tests", "tests", "{9B8F9D7E-2C3G-5F4B-0D6E-7G8F9A0C2E2E}"
EndProject
Project("{2150E333-8FDC-42A3-9474-1A3956D46DE8}") = "samples", "samples", "{0C9G0E8F-3D4H-6G5C-1E7F-8H9G0B1D3F3F}"
EndProject
Project("{FAE04EC0-301F-11D3-BF4B-00C04F79EFBC}") = "OpenAgent.Core", "src\OpenAgent.Core\OpenAgent.Core.csproj", "{1A2B3C4D-5E6F-7G8H-9I0J-1K2L3M4N5O6P}"
EndProject
Project("{FAE04EC0-301F-11D3-BF4B-00C04F79EFBC}") = "OpenAgent.Providers", "src\OpenAgent.Providers\OpenAgent.Providers.csproj", "{2B3C4D5E-6F7G-8H9I-0J1K-2L3M4N5O6P7Q}"
EndProject
Project("{FAE04EC0-301F-11D3-BF4B-00C04F79EFBC}") = "OpenAgent.Tools", "src\OpenAgent.Tools\OpenAgent.Tools.csproj", "{3C4D5E6F-7G8H-9I0J-1K2L-3M4N5O6P7Q8R}"
EndProject
Project("{FAE04EC0-301F-11D3-BF4B-00C04F79EFBC}") = "OpenAgent.Cli", "src\OpenAgent.Cli\OpenAgent.Cli.csproj", "{4D5E6F7G-8H9I-0J1K-2L3M-4N5O6P7Q8R9S}"
EndProject
Project("{FAE04EC0-301F-11D3-BF4B-00C04F79EFBC}") = "OpenAgent.Core.Tests", "tests\OpenAgent.Core.Tests\OpenAgent.Core.Tests.csproj", "{5E6F7G8H-9I0J-1K2L-3M4N-5O6P7Q8R9S0T}"
EndProject
Project("{FAE04EC0-301F-11D3-BF4B-00C04F79EFBC}") = "OpenAgent.Providers.Tests", "tests\OpenAgent.Providers.Tests\OpenAgent.Providers.Tests.csproj", "{6F7G8H9I-0J1K-2L3M-4N5O-6P7Q8R9S0T1U}"
EndProject
Project("{FAE04EC0-301F-11D3-BF4B-00C04F79EFBC}") = "BasicChat", "samples\BasicChat\BasicChat.csproj", "{7G8H9I0J-1K2L-3M4N-5O6P-7Q8R9S0T1U2V}"
EndProject
Global
	GlobalSection(SolutionConfigurationPlatforms) = preSolution
		Debug|Any CPU = Debug|Any CPU
		Release|Any CPU = Release|Any CPU
	EndGlobalSection
	GlobalSection(ProjectConfigurationPlatforms) = postSolution
		{1A2B3C4D-5E6F-7G8H-9I0J-1K2L3M4N5O6P}.Debug|Any CPU.ActiveCfg = Debug|Any CPU
		{1A2B3C4D-5E6F-7G8H-9I0J-1K2L3M4N5O6P}.Debug|Any CPU.Build.0 = Debug|Any CPU
		{1A2B3C4D-5E6F-7G8H-9I0J-1K2L3M4N5O6P}.Release|Any CPU.ActiveCfg = Release|Any CPU
		{1A2B3C4D-5E6F-7G8H-9I0J-1K2L3M4N5O6P}.Release|Any CPU.Build.0 = Release|Any CPU
		{2B3C4D5E-6F7G-8H9I-0J1K-2L3M4N5O6P7Q}.Debug|Any CPU.ActiveCfg = Debug|Any CPU
		{2B3C4D5E-6F7G-8H9I-0J1K-2L3M4N5O6P7Q}.Debug|Any CPU.Build.0 = Debug|Any CPU
		{2B3C4D5E-6F7G-8H9I-0J1K-2L3M4N5O6P7Q}.Release|Any CPU.ActiveCfg = Release|Any CPU
		{2B3C4D5E-6F7G-8H9I-0J1K-2L3M4N5O6P7Q}.Release|Any CPU.Build.0 = Release|Any CPU
		{3C4D5E6F-7G8H-9I0J-1K2L-3M4N5O6P7Q8R}.Debug|Any CPU.ActiveCfg = Debug|Any CPU
		{3C4D5E6F-7G8H-9I0J-1K2L-3M4N5O6P7Q8R}.Debug|Any CPU.Build.0 = Debug|Any CPU
		{3C4D5E6F-7G8H-9I0J-1K2L-3M4N5O6P7Q8R}.Release|Any CPU.ActiveCfg = Release|Any CPU
		{3C4D5E6F-7G8H-9I0J-1K2L-3M4N5O6P7Q8R}.Release|Any CPU.Build.0 = Release|Any CPU
		{4D5E6F7G-8H9I-0J1K-2L3M-4N5O6P7Q8R9S}.Debug|Any CPU.ActiveCfg = Debug|Any CPU
		{4D5E6F7G-8H9I-0J1K-2L3M-4N5O6P7Q8R9S}.Debug|Any CPU.Build.0 = Debug|Any CPU
		{4D5E6F7G-8H9I-0J1K-2L3M-4N5O6P7Q8R9S}.Release|Any CPU.ActiveCfg = Release|Any CPU
		{4D5E6F7G-8H9I-0J1K-2L3M-4N5O6P7Q8R9S}.Release|Any CPU.Build.0 = Release|Any CPU
		{5E6F7G8H-9I0J-1K2L-3M4N-5O6P7Q8R9S0T}.Debug|Any CPU.ActiveCfg = Debug|Any CPU
		{5E6F7G8H-9I0J-1K2L-3M4N-5O6P7Q8R9S0T}.Debug|Any CPU.Build.0 = Debug|Any CPU
		{5E6F7G8H-9I0J-1K2L-3M4N-5O6P7Q8R9S0T}.Release|Any CPU.ActiveCfg = Release|Any CPU
		{5E6F7G8H-9I0J-1K2L-3M4N-5O6P7Q8R9S0T}.Release|Any CPU.Build.0 = Release|Any CPU
		{6F7G8H9I-0J1K-2L3M-4N5O-6P7Q8R9S0T1U}.Debug|Any CPU.ActiveCfg = Debug|Any CPU
		{6F7G8H9I-0J1K-2L3M-4N5O-6P7Q8R9S0T1U}.Debug|Any CPU.Build.0 = Debug|Any CPU
		{6F7G8H9I-0J1K-2L3M-4N5O-6P7Q8R9S0T1U}.Release|Any CPU.ActiveCfg = Release|Any CPU
		{6F7G8H9I-0J1K-2L3M-4N5O-6P7Q8R9S0T1U}.Release|Any CPU.Build.0 = Release|Any CPU
		{7G8H9I0J-1K2L-3M4N-5O6P-7Q8R9S0T1U2V}.Debug|Any CPU.ActiveCfg = Debug|Any CPU
		{7G8H9I0J-1K2L-3M4N-5O6P-7Q8R9S0T1U2V}.Debug|Any CPU.Build.0 = Debug|Any CPU
		{7G8H9I0J-1K2L-3M4N-5O6P-7Q8R9S0T1U2V}.Release|Any CPU.ActiveCfg = Release|Any CPU
		{7G8H9I0J-1K2L-3M4N-5O6P-7Q8R9S0T1U2V}.Release|Any CPU.Build.0 = Release|Any CPU
	EndGlobalSection
	GlobalSection(NestedProjects) = preSolution
		{1A2B3C4D-5E6F-7G8H-9I0J-1K2L3M4N5O6P} = {8A7E8C6D-1B2F-4E3A-9C5D-6F7E8A9B0C1D}
		{2B3C4D5E-6F7G-8H9I-0J1K-2L3M4N5O6P7Q} = {8A7E8C6D-1B2F-4E3A-9C5D-6F7E8A9B0C1D}
		{3C4D5E6F-7G8H-9I0J-1K2L-3M4N5O6P7Q8R} = {8A7E8C6D-1B2F-4E3A-9C5D-6F7E8A9B0C1D}
		{4D5E6F7G-8H9I-0J1K-2L3M-4N5O6P7Q8R9S} = {8A7E8C6D-1B2F-4E3A-9C5D-6F7E8A9B0C1D}
		{5E6F7G8H-9I0J-1K2L-3M4N-5O6P7Q8R9S0T} = {9B8F9D7E-2C3G-5F4B-0D6E-7G8F9A0C2E2E}
		{6F7G8H9I-0J1K-2L3M-4N5O-6P7Q8R9S0T1U} = {9B8F9D7E-2C3G-5F4B-0D6E-7G8F9A0C2E2E}
		{7G8H9I0J-1K2L-3M4N-5O6P-7Q8R9S0T1U2V} = {0C9G0E8F-3D4H-6G5C-1E7F-8H9G0B1D3F3F}
	EndGlobalSection
EndGlobal
